
Microsoft Visual Studio Solution File, Format Version 12.00
# Visual Studio Version 17
VisualStudioVersion = 17.0.32126.317
MinimumVisualStudioVersion = 10.0.40219.1
Project("{FAE04EC0-301F-11D3-BF4B-00C04F79EFBC}") = "GlobalAccelerexTaskApi", "GlobalAccelerexTaskApi\GlobalAccelerexTaskApi.csproj", "{507054F0-9A99-4B70-AC3B-8528922101EE}"
EndProject
Project("{FAE04EC0-301F-11D3-BF4B-00C04F79EFBC}") = "Accelerex2", "Accelerex2\Accelerex2.csproj", "{C68FC82F-CF34-4FF6-8CCD-9012308954F9}"
EndProject
Global
	GlobalSection(SolutionConfigurationPlatforms) = preSolution
		Debug|Any CPU = Debug|Any CPU
		Release|Any CPU = Release|Any CPU
	EndGlobalSection
	GlobalSection(ProjectConfigurationPlatforms) = postSolution
		{507054F0-9A99-4B70-AC3B-8528922101EE}.Debug|Any CPU.ActiveCfg = Debug|Any CPU
		{507054F0-9A99-4B70-AC3B-8528922101EE}.Debug|Any CPU.Build.0 = Debug|Any CPU
		{507054F0-9A99-4B70-AC3B-8528922101EE}.Release|Any CPU.ActiveCfg = Release|Any CPU
		{507054F0-9A99-4B70-AC3B-8528922101EE}.Release|Any CPU.Build.0 = Release|Any CPU
		{C68FC82F-CF34-4FF6-8CCD-9012308954F9}.Debug|Any CPU.ActiveCfg = Debug|Any CPU
		{C68FC82F-CF34-4FF6-8CCD-9012308954F9}.Debug|Any CPU.Build.0 = Debug|Any CPU
		{C68FC82F-CF34-4FF6-8CCD-9012308954F9}.Release|Any CPU.ActiveCfg = Release|Any CPU
		{C68FC82F-CF34-4FF6-8CCD-9012308954F9}.Release|Any CPU.Build.0 = Release|Any CPU
	EndGlobalSection
	GlobalSection(SolutionProperties) = preSolution
		HideSolutionNode = FALSE
	EndGlobalSection
	GlobalSection(ExtensibilityGlobals) = postSolution
		SolutionGuid = {F9F3FC4C-5713-4001-A44B-0EA6CF85F410}
	EndGlobalSection
EndGlobal
